[[package]]
name = "pyperclip"
version = "1.8.1"
description = "A cross-platform clipboard module for Python. (Only handles plain text for now.)"
category = "main"
optional = false
python-versions = "*"

[metadata]
lock-version = "1.1"
python-versions = "^3.9"
content-hash = "c2cb11869c12cc7233a9907c8423a51cf97259985b7774b198d98be6ae73ccf6"

[metadata.files]
pyperclip = [
    {file = "pyperclip-1.8.1.tar.gz", hash = "sha256:9abef1e79ce635eb62309ecae02dfb5a3eb952fa7d6dce09c1aef063f81424d3"},
]
